
Microsoft Visual Studio Solution File, Format Version 12.00
# Visual Studio Version 17
VisualStudioVersion = 17.14.36623.8
MinimumVisualStudioVersion = 10.0.40219.1
Project("{FAE04EC0-301F-11D3-BF4B-00C04F79EFBC}") = "HotelAdminService", "HotelAdminService\HotelAdminService.csproj", "{E79745A9-289B-425A-9B83-AC8242309A89}"
EndProject
Project("{FAE04EC0-301F-11D3-BF4B-00C04F79EFBC}") = "NotificationService", "NotificationService\NotificationService.csproj", "{EC730D0D-8F19-49F7-BBE9-07DCD4A2F6DE}"
EndProject
Project("{FAE04EC0-301F-11D3-BF4B-00C04F79EFBC}") = "ApiGateway", "ApiGateway\ApiGateway.csproj", "{32EE5B9E-7A5A-4E71-AA52-A362809E7288}"
EndProject
Project("{FAE04EC0-301F-11D3-BF4B-00C04F79EFBC}") = "HotelSearchService", "HotelSearchService\HotelSearchService.csproj", "{73BCE243-418E-4443-96C9-4D44A0F479FB}"
EndProject
Project("{FAE04EC0-301F-11D3-BF4B-00C04F79EFBC}") = "HotelBookingService", "HotelBookingService\HotelBookingService.csproj", "{A1A27CA8-9EEF-4B6E-A9E0-D964BCA9696A}"
EndProject
Global
	GlobalSection(SolutionConfigurationPlatforms) = preSolution
		Debug|Any CPU = Debug|Any CPU
		Release|Any CPU = Release|Any CPU
	EndGlobalSection
	GlobalSection(ProjectConfigurationPlatforms) = postSolution
		{E79745A9-289B-425A-9B83-AC8242309A89}.Debug|Any CPU.ActiveCfg = Debug|Any CPU
		{E79745A9-289B-425A-9B83-AC8242309A89}.Debug|Any CPU.Build.0 = Debug|Any CPU
		{E79745A9-289B-425A-9B83-AC8242309A89}.Release|Any CPU.ActiveCfg = Release|Any CPU
		{E79745A9-289B-425A-9B83-AC8242309A89}.Release|Any CPU.Build.0 = Release|Any CPU
		{EC730D0D-8F19-49F7-BBE9-07DCD4A2F6DE}.Debug|Any CPU.ActiveCfg = Debug|Any CPU
		{EC730D0D-8F19-49F7-BBE9-07DCD4A2F6DE}.Debug|Any CPU.Build.0 = Debug|Any CPU
		{EC730D0D-8F19-49F7-BBE9-07DCD4A2F6DE}.Release|Any CPU.ActiveCfg = Release|Any CPU
		{EC730D0D-8F19-49F7-BBE9-07DCD4A2F6DE}.Release|Any CPU.Build.0 = Release|Any CPU
		{32EE5B9E-7A5A-4E71-AA52-A362809E7288}.Debug|Any CPU.ActiveCfg = Debug|Any CPU
		{32EE5B9E-7A5A-4E71-AA52-A362809E7288}.Debug|Any CPU.Build.0 = Debug|Any CPU
		{32EE5B9E-7A5A-4E71-AA52-A362809E7288}.Release|Any CPU.ActiveCfg = Release|Any CPU
		{32EE5B9E-7A5A-4E71-AA52-A362809E7288}.Release|Any CPU.Build.0 = Release|Any CPU
		{73BCE243-418E-4443-96C9-4D44A0F479FB}.Debug|Any CPU.ActiveCfg = Debug|Any CPU
		{73BCE243-418E-4443-96C9-4D44A0F479FB}.Debug|Any CPU.Build.0 = Debug|Any CPU
		{73BCE243-418E-4443-96C9-4D44A0F479FB}.Release|Any CPU.ActiveCfg = Release|Any CPU
		{73BCE243-418E-4443-96C9-4D44A0F479FB}.Release|Any CPU.Build.0 = Release|Any CPU
		{A1A27CA8-9EEF-4B6E-A9E0-D964BCA9696A}.Debug|Any CPU.ActiveCfg = Debug|Any CPU
		{A1A27CA8-9EEF-4B6E-A9E0-D964BCA9696A}.Debug|Any CPU.Build.0 = Debug|Any CPU
		{A1A27CA8-9EEF-4B6E-A9E0-D964BCA9696A}.Release|Any CPU.ActiveCfg = Release|Any CPU
		{A1A27CA8-9EEF-4B6E-A9E0-D964BCA9696A}.Release|Any CPU.Build.0 = Release|Any CPU
	EndGlobalSection
	GlobalSection(SolutionProperties) = preSolution
		HideSolutionNode = FALSE
	EndGlobalSection
	GlobalSection(ExtensibilityGlobals) = postSolution
		SolutionGuid = {7AA46CB8-7197-40BA-8FDC-7430D0F4BF42}
	EndGlobalSection
EndGlobal
